
Microsoft Visual Studio Solution File, Format Version 12.00
# Visual Studio Version 17
VisualStudioVersion = 17.3.32819.101
MinimumVisualStudioVersion = 10.0.40219.1
Project("{FAE04EC0-301F-11D3-BF4B-00C04F79EFBC}") = "WokHub", "WokHub\WokHub.csproj", "{4D5E7D7B-01E3-43EC-B4B8-EF7B88435183}"
EndProject
Global
	GlobalSection(SolutionConfigurationPlatforms) = preSolution
		Debug|Any CPU = Debug|Any CPU
		Release|Any CPU = Release|Any CPU
	EndGlobalSection
	GlobalSection(ProjectConfigurationPlatforms) = postSolution
		{4D5E7D7B-01E3-43EC-B4B8-EF7B88435183}.Debug|Any CPU.ActiveCfg = Debug|Any CPU
		{4D5E7D7B-01E3-43EC-B4B8-EF7B88435183}.Debug|Any CPU.Build.0 = Debug|Any CPU
		{4D5E7D7B-01E3-43EC-B4B8-EF7B88435183}.Release|Any CPU.ActiveCfg = Release|Any CPU
		{4D5E7D7B-01E3-43EC-B4B8-EF7B88435183}.Release|Any CPU.Build.0 = Release|Any CPU
	EndGlobalSection
	GlobalSection(SolutionProperties) = preSolution
		HideSolutionNode = FALSE
	EndGlobalSection
	GlobalSection(ExtensibilityGlobals) = postSolution
		SolutionGuid = {C6C3A2FA-0AF9-4B8D-85B2-6AD5A3F0C625}
	EndGlobalSection
EndGlobal
